version = 1
requires-python = ">=3.13"

[[package]]
name = "automata-lib"
version = "9.0.0"
source = { registry = "https://pypi.org/simple" }
dependencies = [
    { name = "cached-method" },
    { name = "frozendict" },
    { name = "networkx" },
    { name = "typing-extensions" },
]
sdist = { url = "https://files.pythonhosted.org/packages/df/cb/4135e2a1fe940fa8803ef58213d35d6011d672c146d85319a21576ce5e1b/automata_lib-9.0.0.tar.gz", hash = "sha256:15994aad0c863f5e9e255535c7983a366178529d9f0cf0a0b0141085f44323a4", size = 102642 }
wheels = [
    { url = "https://files.pythonhosted.org/packages/56/53/a9963095b7e60e8f1915283fc50db3e040eeb5e7f61c3934bf1049d90971/automata_lib-9.0.0-py3-none-any.whl", hash = "sha256:1861ec4c1b0dc29f97ab9e64b707bf52e3054c69ec6a1d5e6de2b834d198b331", size = 125139 },
]

[[package]]
name = "cached-method"
version = "0.1.0"
source = { registry = "https://pypi.org/simple" }
sdist = { url = "https://files.pythonhosted.org/packages/85/57/f5796619b29cfbbce98b6027f9f92461a9c159a373566106a11b2bab1e07/cached_method-0.1.0.tar.gz", hash = "sha256:0958d0422a90e24c215fb61f9633fd9faf566c8f7d15478493989abef8699d73", size = 4032 }
wheels = [
    { url = "https://files.pythonhosted.org/packages/a3/69/f4be248608758ebad3d5954bf468fc98a822c939afbb04f1eaaecfc6be1c/cached_method-0.1.0-py3-none-any.whl", hash = "sha256:a71720f7cab565131bb5e4189b6ca5902635435e0e017d0fd1261712d8c3dc0c", size = 4172 },
]

[[package]]
name = "frozendict"
version = "2.4.6"
source = { registry = "https://pypi.org/simple" }
sdist = { url = "https://files.pythonhosted.org/packages/bb/59/19eb300ba28e7547538bdf603f1c6c34793240a90e1a7b61b65d8517e35e/frozendict-2.4.6.tar.gz", hash = "sha256:df7cd16470fbd26fc4969a208efadc46319334eb97def1ddf48919b351192b8e", size = 316416 }
wheels = [
    { url = "https://files.pythonhosted.org/packages/04/13/d9839089b900fa7b479cce495d62110cddc4bd5630a04d8469916c0e79c5/frozendict-2.4.6-py311-none-any.whl", hash = "sha256:d065db6a44db2e2375c23eac816f1a022feb2fa98cbb50df44a9e83700accbea", size = 16148 },
    { url = "https://files.pythonhosted.org/packages/ba/d0/d482c39cee2ab2978a892558cf130681d4574ea208e162da8958b31e9250/frozendict-2.4.6-py312-none-any.whl", hash = "sha256:49344abe90fb75f0f9fdefe6d4ef6d4894e640fadab71f11009d52ad97f370b9", size = 16146 },
    { url = "https://files.pythonhosted.org/packages/a5/8e/b6bf6a0de482d7d7d7a2aaac8fdc4a4d0bb24a809f5ddd422aa7060eb3d2/frozendict-2.4.6-py313-none-any.whl", hash = "sha256:7134a2bb95d4a16556bb5f2b9736dceb6ea848fa5b6f3f6c2d6dba93b44b4757", size = 16146 },
]

[[package]]
name = "networkx"
version = "3.4.2"
source = { registry = "https://pypi.org/simple" }
sdist = { url = "https://files.pythonhosted.org/packages/fd/1d/06475e1cd5264c0b870ea2cc6fdb3e37177c1e565c43f56ff17a10e3937f/networkx-3.4.2.tar.gz", hash = "sha256:307c3669428c5362aab27c8a1260aa8f47c4e91d3891f48be0141738d8d053e1", size = 2151368 }
wheels = [
    { url = "https://files.pythonhosted.org/packages/b9/54/dd730b32ea14ea797530a4479b2ed46a6fb250f682a9cfb997e968bf0261/networkx-3.4.2-py3-none-any.whl", hash = "sha256:df5d4365b724cf81b8c6a7312509d0c22386097011ad1abe274afd5e9d3bbc5f", size = 1723263 },
]

[[package]]
name = "pytomata-marker"
version = "0.1.0"
source = { virtual = "." }
dependencies = [
    { name = "automata-lib" },
]

[package.metadata]
requires-dist = [{ name = "automata-lib", specifier = ">=9.0.0" }]

[[package]]
name = "typing-extensions"
version = "4.12.2"
source = { registry = "https://pypi.org/simple" }
sdist = { url = "https://files.pythonhosted.org/packages/df/db/f35a00659bc03fec321ba8bce9420de607a1d37f8342eee1863174c69557/typing_extensions-4.12.2.tar.gz", hash = "sha256:1a7ead55c7e559dd4dee8856e3a88b41225abfe1ce8df57b7c13915fe121ffb8", size = 85321 }
wheels = [
    { url = "https://files.pythonhosted.org/packages/26/9f/ad63fc0248c5379346306f8668cda6e2e2e9c95e01216d2b8ffd9ff037d0/typing_extensions-4.12.2-py3-none-any.whl", hash = "sha256:04e5ca0351e0f3f85c6853954072df659d0d13fac324d0072316b67d7794700d", size = 37438 },
]
